
Microsoft Visual Studio Solution File, Format Version 12.00
# Visual Studio Version 17
VisualStudioVersion = 17.5.33627.172
MinimumVisualStudioVersion = 10.0.40219.1
Project("{FAE04EC0-301F-11D3-BF4B-00C04F79EFBC}") = "CursoSBP.Data", "CursoSBP.Data\CursoSBP.Data.csproj", "{1AC0B01D-BAB3-490A-B2B7-DD2518A31480}"
EndProject
Project("{FAE04EC0-301F-11D3-BF4B-00C04F79EFBC}") = "CursoSBP.Common", "CursoSBP.Common\CursoSBP.Common.csproj", "{9FCA5CDD-D966-4CA5-B607-5C26582D9C7A}"
EndProject
Project("{FAE04EC0-301F-11D3-BF4B-00C04F79EFBC}") = "CursoSBP.WebAPI", "CursoSBP.WebAPI\CursoSBP.WebAPI.csproj", "{F66DE578-F62F-4859-A01F-8FB1F01223C5}"
EndProject
Project("{2150E333-8FDC-42A3-9474-1A3956D46DE8}") = "FrontEnd", "FrontEnd", "{BC1879DE-FEBC-4341-9A88-4A0ABB73A452}"
EndProject
Project("{2150E333-8FDC-42A3-9474-1A3956D46DE8}") = "BackEnd", "BackEnd", "{51B51695-E7C8-4610-A6A0-8B06EA930A7E}"
EndProject
Project("{FAE04EC0-301F-11D3-BF4B-00C04F79EFBC}") = "CursoSBP.WebApp", "CursoSBP.WebApp\CursoSBP.WebApp.csproj", "{A481A941-65E5-4651-B0BD-E39F80E3A635}"
EndProject
Global
	GlobalSection(SolutionConfigurationPlatforms) = preSolution
		Debug|Any CPU = Debug|Any CPU
		Release|Any CPU = Release|Any CPU
	EndGlobalSection
	GlobalSection(ProjectConfigurationPlatforms) = postSolution
		{1AC0B01D-BAB3-490A-B2B7-DD2518A31480}.Debug|Any CPU.ActiveCfg = Debug|Any CPU
		{1AC0B01D-BAB3-490A-B2B7-DD2518A31480}.Debug|Any CPU.Build.0 = Debug|Any CPU
		{1AC0B01D-BAB3-490A-B2B7-DD2518A31480}.Release|Any CPU.ActiveCfg = Release|Any CPU
		{1AC0B01D-BAB3-490A-B2B7-DD2518A31480}.Release|Any CPU.Build.0 = Release|Any CPU
		{9FCA5CDD-D966-4CA5-B607-5C26582D9C7A}.Debug|Any CPU.ActiveCfg = Debug|Any CPU
		{9FCA5CDD-D966-4CA5-B607-5C26582D9C7A}.Debug|Any CPU.Build.0 = Debug|Any CPU
		{9FCA5CDD-D966-4CA5-B607-5C26582D9C7A}.Release|Any CPU.ActiveCfg = Release|Any CPU
		{9FCA5CDD-D966-4CA5-B607-5C26582D9C7A}.Release|Any CPU.Build.0 = Release|Any CPU
		{F66DE578-F62F-4859-A01F-8FB1F01223C5}.Debug|Any CPU.ActiveCfg = Debug|Any CPU
		{F66DE578-F62F-4859-A01F-8FB1F01223C5}.Debug|Any CPU.Build.0 = Debug|Any CPU
		{F66DE578-F62F-4859-A01F-8FB1F01223C5}.Release|Any CPU.ActiveCfg = Release|Any CPU
		{F66DE578-F62F-4859-A01F-8FB1F01223C5}.Release|Any CPU.Build.0 = Release|Any CPU
		{A481A941-65E5-4651-B0BD-E39F80E3A635}.Debug|Any CPU.ActiveCfg = Debug|Any CPU
		{A481A941-65E5-4651-B0BD-E39F80E3A635}.Debug|Any CPU.Build.0 = Debug|Any CPU
		{A481A941-65E5-4651-B0BD-E39F80E3A635}.Release|Any CPU.ActiveCfg = Release|Any CPU
		{A481A941-65E5-4651-B0BD-E39F80E3A635}.Release|Any CPU.Build.0 = Release|Any CPU
	EndGlobalSection
	GlobalSection(SolutionProperties) = preSolution
		HideSolutionNode = FALSE
	EndGlobalSection
	GlobalSection(NestedProjects) = preSolution
		{1AC0B01D-BAB3-490A-B2B7-DD2518A31480} = {51B51695-E7C8-4610-A6A0-8B06EA930A7E}
		{9FCA5CDD-D966-4CA5-B607-5C26582D9C7A} = {51B51695-E7C8-4610-A6A0-8B06EA930A7E}
		{F66DE578-F62F-4859-A01F-8FB1F01223C5} = {51B51695-E7C8-4610-A6A0-8B06EA930A7E}
		{A481A941-65E5-4651-B0BD-E39F80E3A635} = {BC1879DE-FEBC-4341-9A88-4A0ABB73A452}
	EndGlobalSection
	GlobalSection(ExtensibilityGlobals) = postSolution
		SolutionGuid = {621A6113-87FA-41A6-A379-8F3CA27D2298}
	EndGlobalSection
EndGlobal
